
Microsoft Visual Studio Solution File, Format Version 12.00
# Visual Studio Version 16
VisualStudioVersion = 16.0.29306.81
MinimumVisualStudioVersion = 10.0.40219.1
Project("{FAE04EC0-301F-11D3-BF4B-00C04F79EFBC}") = "Salary Projection GUI App v2", "Salary Projection GUI App v2.csproj", "{7BF9E0A0-5321-4962-BAFD-228AD914A52B}"
EndProject
Global
	GlobalSection(SolutionConfigurationPlatforms) = preSolution
		Debug|Any CPU = Debug|Any CPU
		Release|Any CPU = Release|Any CPU
	EndGlobalSection
	GlobalSection(ProjectConfigurationPlatforms) = postSolution
		{7BF9E0A0-5321-4962-BAFD-228AD914A52B}.Debug|Any CPU.ActiveCfg = Debug|Any CPU
		{7BF9E0A0-5321-4962-BAFD-228AD914A52B}.Debug|Any CPU.Build.0 = Debug|Any CPU
		{7BF9E0A0-5321-4962-BAFD-228AD914A52B}.Release|Any CPU.ActiveCfg = Release|Any CPU
		{7BF9E0A0-5321-4962-BAFD-228AD914A52B}.Release|Any CPU.Build.0 = Release|Any CPU
	EndGlobalSection
	GlobalSection(SolutionProperties) = preSolution
		HideSolutionNode = FALSE
	EndGlobalSection
	GlobalSection(ExtensibilityGlobals) = postSolution
		SolutionGuid = {38638AFC-1919-4C11-9D32-D84D18EA9A09}
	EndGlobalSection
EndGlobal
